
Microsoft Visual Studio Solution File, Format Version 12.00
# Visual Studio Version 17
VisualStudioVersion = 17.0.32014.148
MinimumVisualStudioVersion = 10.0.40219.1
Project("{FAE04EC0-301F-11D3-BF4B-00C04F79EFBC}") = "ConsoleApp.StudentRegisterSystem", "ConsoleApp.StudentRegisterSystem\ConsoleApp.StudentRegisterSystem.csproj", "{21F0937D-7C07-49C1-87AD-6140D8E18EEB}"
EndProject
Global
	GlobalSection(SolutionConfigurationPlatforms) = preSolution
		Debug|Any CPU = Debug|Any CPU
		Release|Any CPU = Release|Any CPU
	EndGlobalSection
	GlobalSection(ProjectConfigurationPlatforms) = postSolution
		{21F0937D-7C07-49C1-87AD-6140D8E18EEB}.Debug|Any CPU.ActiveCfg = Debug|Any CPU
		{21F0937D-7C07-49C1-87AD-6140D8E18EEB}.Debug|Any CPU.Build.0 = Debug|Any CPU
		{21F0937D-7C07-49C1-87AD-6140D8E18EEB}.Release|Any CPU.ActiveCfg = Release|Any CPU
		{21F0937D-7C07-49C1-87AD-6140D8E18EEB}.Release|Any CPU.Build.0 = Release|Any CPU
	EndGlobalSection
	GlobalSection(SolutionProperties) = preSolution
		HideSolutionNode = FALSE
	EndGlobalSection
	GlobalSection(ExtensibilityGlobals) = postSolution
		SolutionGuid = {75B56660-A081-415A-9130-135723E9E493}
	EndGlobalSection
EndGlobal
